
Microsoft Visual Studio Solution File, Format Version 12.00
# Visual Studio Version 17
VisualStudioVersion = 17.14.36623.8 d17.14
MinimumVisualStudioVersion = 10.0.40219.1
Project("{FAE04EC0-301F-11D3-BF4B-00C04F79EFBC}") = "Pair", "Pair\Pair.csproj", "{5A60643B-06FA-47EE-BC22-8A5204B9BECE}"
EndProject
Global
	GlobalSection(SolutionConfigurationPlatforms) = preSolution
		Debug|Any CPU = Debug|Any CPU
		Release|Any CPU = Release|Any CPU
	EndGlobalSection
	GlobalSection(ProjectConfigurationPlatforms) = postSolution
		{5A60643B-06FA-47EE-BC22-8A5204B9BECE}.Debug|Any CPU.ActiveCfg = Debug|Any CPU
		{5A60643B-06FA-47EE-BC22-8A5204B9BECE}.Debug|Any CPU.Build.0 = Debug|Any CPU
		{5A60643B-06FA-47EE-BC22-8A5204B9BECE}.Release|Any CPU.ActiveCfg = Release|Any CPU
		{5A60643B-06FA-47EE-BC22-8A5204B9BECE}.Release|Any CPU.Build.0 = Release|Any CPU
	EndGlobalSection
	GlobalSection(SolutionProperties) = preSolution
		HideSolutionNode = FALSE
	EndGlobalSection
	GlobalSection(ExtensibilityGlobals) = postSolution
		SolutionGuid = {28281FE2-A4F9-41DD-8B93-CA410A9D9D31}
	EndGlobalSection
EndGlobal
