
Microsoft Visual Studio Solution File, Format Version 12.00
# Visual Studio Version 17
VisualStudioVersion = 17.14.36623.8 d17.14
MinimumVisualStudioVersion = 10.0.40219.1
Project("{FAE04EC0-301F-11D3-BF4B-00C04F79EFBC}") = "MvcProject", "MvcProject\MvcProject.csproj", "{2943851B-0F5A-4020-B047-854AC3B7DBD6}"
EndProject
Global
	GlobalSection(SolutionConfigurationPlatforms) = preSolution
		Debug|Any CPU = Debug|Any CPU
		Release|Any CPU = Release|Any CPU
	EndGlobalSection
	GlobalSection(ProjectConfigurationPlatforms) = postSolution
		{2943851B-0F5A-4020-B047-854AC3B7DBD6}.Debug|Any CPU.ActiveCfg = Debug|Any CPU
		{2943851B-0F5A-4020-B047-854AC3B7DBD6}.Debug|Any CPU.Build.0 = Debug|Any CPU
		{2943851B-0F5A-4020-B047-854AC3B7DBD6}.Release|Any CPU.ActiveCfg = Release|Any CPU
		{2943851B-0F5A-4020-B047-854AC3B7DBD6}.Release|Any CPU.Build.0 = Release|Any CPU
	EndGlobalSection
	GlobalSection(SolutionProperties) = preSolution
		HideSolutionNode = FALSE
	EndGlobalSection
	GlobalSection(ExtensibilityGlobals) = postSolution
		SolutionGuid = {02B60416-CB73-4021-A3CB-422B97ACA5D6}
	EndGlobalSection
EndGlobal
