
Microsoft Visual Studio Solution File, Format Version 12.00
# Visual Studio Version 17
VisualStudioVersion = 17.14.36908.2 d17.14
MinimumVisualStudioVersion = 10.0.40219.1
Project("{FAE04EC0-301F-11D3-BF4B-00C04F79EFBC}") = "CodeFirst", "CodeFirst\CodeFirst.csproj", "{87FFC06C-550D-47EE-AE4B-EB5CADB052F0}"
EndProject
Global
	GlobalSection(SolutionConfigurationPlatforms) = preSolution
		Debug|Any CPU = Debug|Any CPU
		Release|Any CPU = Release|Any CPU
	EndGlobalSection
	GlobalSection(ProjectConfigurationPlatforms) = postSolution
		{87FFC06C-550D-47EE-AE4B-EB5CADB052F0}.Debug|Any CPU.ActiveCfg = Debug|Any CPU
		{87FFC06C-550D-47EE-AE4B-EB5CADB052F0}.Debug|Any CPU.Build.0 = Debug|Any CPU
		{87FFC06C-550D-47EE-AE4B-EB5CADB052F0}.Release|Any CPU.ActiveCfg = Release|Any CPU
		{87FFC06C-550D-47EE-AE4B-EB5CADB052F0}.Release|Any CPU.Build.0 = Release|Any CPU
	EndGlobalSection
	GlobalSection(SolutionProperties) = preSolution
		HideSolutionNode = FALSE
	EndGlobalSection
	GlobalSection(ExtensibilityGlobals) = postSolution
		SolutionGuid = {25123902-1105-4C8B-81CB-34B33330A4B7}
	EndGlobalSection
EndGlobal
