
Microsoft Visual Studio Solution File, Format Version 12.00
# Visual Studio Version 17
VisualStudioVersion = 17.14.36623.8 d17.14
MinimumVisualStudioVersion = 10.0.40219.1
Project("{FAE04EC0-301F-11D3-BF4B-00C04F79EFBC}") = "Geometri", "Geometri\Geometri.csproj", "{505698B0-1E44-4EAA-B59A-5FEB07DFA6DE}"
EndProject
Global
	GlobalSection(SolutionConfigurationPlatforms) = preSolution
		Debug|Any CPU = Debug|Any CPU
		Release|Any CPU = Release|Any CPU
	EndGlobalSection
	GlobalSection(ProjectConfigurationPlatforms) = postSolution
		{505698B0-1E44-4EAA-B59A-5FEB07DFA6DE}.Debug|Any CPU.ActiveCfg = Debug|Any CPU
		{505698B0-1E44-4EAA-B59A-5FEB07DFA6DE}.Debug|Any CPU.Build.0 = Debug|Any CPU
		{505698B0-1E44-4EAA-B59A-5FEB07DFA6DE}.Release|Any CPU.ActiveCfg = Release|Any CPU
		{505698B0-1E44-4EAA-B59A-5FEB07DFA6DE}.Release|Any CPU.Build.0 = Release|Any CPU
	EndGlobalSection
	GlobalSection(SolutionProperties) = preSolution
		HideSolutionNode = FALSE
	EndGlobalSection
	GlobalSection(ExtensibilityGlobals) = postSolution
		SolutionGuid = {DAD24947-81A7-4086-AE53-1B3C06DC82D5}
	EndGlobalSection
EndGlobal
